// !$*UTF8*$!
{
	archiveVersion = 1;
	classes = {
	};
	objectVersion = 56;
	objects = {

/* Begin PBXBuildFile section */
		F298CC4329F3737600C49C13 /* AddBookView.swift in Sources */ = {isa = PBXBuildFile; fileRef = F298CC4229F3737600C49C13 /* AddBookView.swift */; };
		F298CC4629F701D600C49C13 /* Bookworm.xcdatamodeld in Sources */ = {isa = PBXBuildFile; fileRef = F298CC4429F701D600C49C13 /* Bookworm.xcdatamodeld */; };
		F298CC4829F709BC00C49C13 /* RatingView.swift in Sources */ = {isa = PBXBuildFile; fileRef = F298CC4729F709BC00C49C13 /* RatingView.swift */; };
		F298CC4A29F7103F00C49C13 /* EmojiRatingView.swift in Sources */ = {isa = PBXBuildFile; fileRef = F298CC4929F7103F00C49C13 /* EmojiRatingView.swift */; };
		F298CC4C29F716ED00C49C13 /* BookDetailView.swift in Sources */ = {isa = PBXBuildFile; fileRef = F298CC4B29F716ED00C49C13 /* BookDetailView.swift */; };
		F2DEBEED29F07DBB00C24FC3 /* BookwormApp.swift in Sources */ = {isa = PBXBuildFile; fileRef = F2DEBEEC29F07DBB00C24FC3 /* BookwormApp.swift */; };
		F2DEBEEF29F07DBB00C24FC3 /* ContentView.swift in Sources */ = {isa = PBXBuildFile; fileRef = F2DEBEEE29F07DBB00C24FC3 /* ContentView.swift */; };
		F2DEBEF129F07DC000C24FC3 /* Assets.xcassets in Resources */ = {isa = PBXBuildFile; fileRef = F2DEBEF029F07DC000C24FC3 /* Assets.xcassets */; };
		F2DEBEF429F07DC000C24FC3 /* Preview Assets.xcassets in Resources */ = {isa = PBXBuildFile; fileRef = F2DEBEF329F07DC000C24FC3 /* Preview Assets.xcassets */; };
		F2DEBEFE29F07DC000C24FC3 /* BookwormTests.swift in Sources */ = {isa = PBXBuildFile; fileRef = F2DEBEFD29F07DC000C24FC3 /* BookwormTests.swift */; };
		F2DEBF0829F07DC000C24FC3 /* BookwormUITests.swift in Sources */ = {isa = PBXBuildFile; fileRef = F2DEBF0729F07DC000C24FC3 /* BookwormUITests.swift */; };
		F2DEBF0A29F07DC000C24FC3 /* BookwormUITestsLaunchTests.swift in Sources */ = {isa = PBXBuildFile; fileRef = F2DEBF0929F07DC000C24FC3 /* BookwormUITestsLaunchTests.swift */; };
		F2DEBF1A29F081DE00C24FC3 /* DataController.swift in Sources */ = {isa = PBXBuildFile; fileRef = F2DEBF1929F081DE00C24FC3 /* DataController.swift */; };
/* End PBXBuildFile section */

/* Begin PBXContainerItemProxy section */
		F2DEBEFA29F07DC000C24FC3 /* PBXContainerItemProxy */ = {
			isa = PBXContainerItemProxy;
			containerPortal = F2DEBEE129F07DBB00C24FC3 /* Project object */;
			proxyType = 1;
			remoteGlobalIDString = F2DEBEE829F07DBB00C24FC3;
			remoteInfo = Bookworm;
		};
		F2DEBF0429F07DC000C24FC3 /* PBXContainerItemProxy */ = {
			isa = PBXContainerItemProxy;
			containerPortal = F2DEBEE129F07DBB00C24FC3 /* Project object */;
			proxyType = 1;
			remoteGlobalIDString = F2DEBEE829F07DBB00C24FC3;
			remoteInfo = Bookworm;
		};
/* End PBXContainerItemProxy section */

/* Begin PBXFileReference section */
		F298CC4229F3737600C49C13 /* AddBookView.swift */ = {isa = PBXFileReference; lastKnownFileType = sourcecode.swift; path = AddBookView.swift; sourceTree = "<group>"; };
		F298CC4529F701D600C49C13 /* Bookworm.xcdatamodel */ = {isa = PBXFileReference; lastKnownFileType = wrapper.xcdatamodel; path = Bookworm.xcdatamodel; sourceTree = "<group>"; };
		F298CC4729F709BC00C49C13 /* RatingView.swift */ = {isa = PBXFileReference; lastKnownFileType = sourcecode.swift; path = RatingView.swift; sourceTree = "<group>"; };
		F298CC4929F7103F00C49C13 /* EmojiRatingView.swift */ = {isa = PBXFileReference; lastKnownFileType = sourcecode.swift; path = EmojiRatingView.swift; sourceTree = "<group>"; };
		F298CC4B29F716ED00C49C13 /* BookDetailView.swift */ = {isa = PBXFileReference; lastKnownFileType = sourcecode.swift; path = BookDetailView.swift; sourceTree = "<group>"; };
		F2DEBEE929F07DBB00C24FC3 /* Bookworm.app */ = {isa = PBXFileReference; explicitFileType = wrapper.application; includeInIndex = 0; path = Bookworm.app; sourceTree = BUILT_PRODUCTS_DIR; };
		F2DEBEEC29F07DBB00C24FC3 /* BookwormApp.swift */ = {isa = PBXFileReference; lastKnownFileType = sourcecode.swift; path = BookwormApp.swift; sourceTree = "<group>"; };
		F2DEBEEE29F07DBB00C24FC3 /* ContentView.swift */ = {isa = PBXFileReference; lastKnownFileType = sourcecode.swift; path = ContentView.swift; sourceTree = "<group>"; };
		F2DEBEF029F07DC000C24FC3 /* Assets.xcassets */ = {isa = PBXFileReference; lastKnownFileType = folder.assetcatalog; path = Assets.xcassets; sourceTree = "<group>"; };
		F2DEBEF329F07DC000C24FC3 /* Preview Assets.xcassets */ = {isa = PBXFileReference; lastKnownFileType = folder.assetcatalog; path = "Preview Assets.xcassets"; sourceTree = "<group>"; };
		F2DEBEF929F07DC000C24FC3 /* BookwormTests.xctest */ = {isa = PBXFileReference; explicitFileType = wrapper.cfbundle; includeInIndex = 0; path = BookwormTests.xctest; sourceTree = BUILT_PRODUCTS_DIR; };
		F2DEBEFD29F07DC000C24FC3 /* BookwormTests.swift */ = {isa = PBXFileReference; lastKnownFileType = sourcecode.swift; path = BookwormTests.swift; sourceTree = "<group>"; };
		F2DEBF0329F07DC000C24FC3 /* BookwormUITests.xctest */ = {isa = PBXFileReference; explicitFileType = wrapper.cfbundle; includeInIndex = 0; path = BookwormUITests.xctest; sourceTree = BUILT_PRODUCTS_DIR; };
		F2DEBF0729F07DC000C24FC3 /* BookwormUITests.swift */ = {isa = PBXFileReference; lastKnownFileType = sourcecode.swift; path = BookwormUITests.swift; sourceTree = "<group>"; };
		F2DEBF0929F07DC000C24FC3 /* BookwormUITestsLaunchTests.swift */ = {isa = PBXFileReference; lastKnownFileType = sourcecode.swift; path = BookwormUITestsLaunchTests.swift; sourceTree = "<group>"; };
		F2DEBF1929F081DE00C24FC3 /* DataController.swift */ = {isa = PBXFileReference; lastKnownFileType = sourcecode.swift; path = DataController.swift; sourceTree = "<group>"; };
/* End PBXFileReference section */

/* Begin PBXFrameworksBuildPhase section */
		F2DEBEE629F07DBB00C24FC3 /* Frameworks */ = {
			isa = PBXFrameworksBuildPhase;
			buildActionMask = 2147483647;
			files = (
			);
			runOnlyForDeploymentPostprocessing = 0;
		};
		F2DEBEF629F07DC000C24FC3 /* Frameworks */ = {
			isa = PBXFrameworksBuildPhase;
			buildActionMask = 2147483647;
			files = (
			);
			runOnlyForDeploymentPostprocessing = 0;
		};
		F2DEBF0029F07DC000C24FC3 /* Frameworks */ = {
			isa = PBXFrameworksBuildPhase;
			buildActionMask = 2147483647;
			files = (
			);
			runOnlyForDeploymentPostprocessing = 0;
		};
/* End PBXFrameworksBuildPhase section */

/* Begin PBXGroup section */
		F2DEBEE029F07DBB00C24FC3 = {
			isa = PBXGroup;
			children = (
				F2DEBEEB29F07DBB00C24FC3 /* Bookworm */,
				F2DEBEFC29F07DC000C24FC3 /* BookwormTests */,
				F2DEBF0629F07DC000C24FC3 /* BookwormUITests */,
				F2DEBEEA29F07DBB00C24FC3 /* Products */,
			);
			sourceTree = "<group>";
		};
		F2DEBEEA29F07DBB00C24FC3 /* Products */ = {
			isa = PBXGroup;
			children = (
				F2DEBEE929F07DBB00C24FC3 /* Bookworm.app */,
				F2DEBEF929F07DC000C24FC3 /* BookwormTests.xctest */,
				F2DEBF0329F07DC000C24FC3 /* BookwormUITests.xctest */,
			);
			name = Products;
			sourceTree = "<group>";
		};
		F2DEBEEB29F07DBB00C24FC3 /* Bookworm */ = {
			isa = PBXGroup;
			children = (
				F2DEBEEC29F07DBB00C24FC3 /* BookwormApp.swift */,
				F2DEBEEE29F07DBB00C24FC3 /* ContentView.swift */,
				F2DEBEF029F07DC000C24FC3 /* Assets.xcassets */,
				F2DEBEF229F07DC000C24FC3 /* Preview Content */,
				F2DEBF1929F081DE00C24FC3 /* DataController.swift */,
				F298CC4B29F716ED00C49C13 /* BookDetailView.swift */,
				F298CC4929F7103F00C49C13 /* EmojiRatingView.swift */,
				F298CC4229F3737600C49C13 /* AddBookView.swift */,
				F298CC4729F709BC00C49C13 /* RatingView.swift */,
				F298CC4429F701D600C49C13 /* Bookworm.xcdatamodeld */,
			);
			path = Bookworm;
			sourceTree = "<group>";
		};
		F2DEBEF229F07DC000C24FC3 /* Preview Content */ = {
			isa = PBXGroup;
			children = (
				F2DEBEF329F07DC000C24FC3 /* Preview Assets.xcassets */,
			);
			path = "Preview Content";
			sourceTree = "<group>";
		};
		F2DEBEFC29F07DC000C24FC3 /* BookwormTests */ = {
			isa = PBXGroup;
			children = (
				F2DEBEFD29F07DC000C24FC3 /* BookwormTests.swift */,
			);
			path = BookwormTests;
			sourceTree = "<group>";
		};
		F2DEBF0629F07DC000C24FC3 /* BookwormUITests */ = {
			isa = PBXGroup;
			children = (
				F2DEBF0729F07DC000C24FC3 /* BookwormUITests.swift */,
				F2DEBF0929F07DC000C24FC3 /* BookwormUITestsLaunchTests.swift */,
			);
			path = BookwormUITests;
			sourceTree = "<group>";
		};
/* End PBXGroup section */

/* Begin PBXNativeTarget section */
		F2DEBEE829F07DBB00C24FC3 /* Bookworm */ = {
			isa = PBXNativeTarget;
			buildConfigurationList = F2DEBF0D29F07DC000C24FC3 /* Build configuration list for PBXNativeTarget "Bookworm" */;
			buildPhases = (
				F2DEBEE529F07DBB00C24FC3 /* Sources */,
				F2DEBEE629F07DBB00C24FC3 /* Frameworks */,
				F2DEBEE729F07DBB00C24FC3 /* Resources */,
			);
			buildRules = (
			);
			dependencies = (
			);
			name = Bookworm;
			productName = Bookworm;
			productReference = F2DEBEE929F07DBB00C24FC3 /* Bookworm.app */;
			productType = "com.apple.product-type.application";
		};
		F2DEBEF829F07DC000C24FC3 /* BookwormTests */ = {
			isa = PBXNativeTarget;
			buildConfigurationList = F2DEBF1029F07DC000C24FC3 /* Build configuration list for PBXNativeTarget "BookwormTests" */;
			buildPhases = (
				F2DEBEF529F07DC000C24FC3 /* Sources */,
				F2DEBEF629F07DC000C24FC3 /* Frameworks */,
				F2DEBEF729F07DC000C24FC3 /* Resources */,
			);
			buildRules = (
			);
			dependencies = (
				F2DEBEFB29F07DC000C24FC3 /* PBXTargetDependency */,
			);
			name = BookwormTests;
			productName = BookwormTests;
			productReference = F2DEBEF929F07DC000C24FC3 /* BookwormTests.xctest */;
			productType = "com.apple.product-type.bundle.unit-test";
		};
		F2DEBF0229F07DC000C24FC3 /* BookwormUITests */ = {
			isa = PBXNativeTarget;
			buildConfigurationList = F2DEBF1329F07DC000C24FC3 /* Build configuration list for PBXNativeTarget "BookwormUITests" */;
			buildPhases = (
				F2DEBEFF29F07DC000C24FC3 /* Sources */,
				F2DEBF0029F07DC000C24FC3 /* Frameworks */,
				F2DEBF0129F07DC000C24FC3 /* Resources */,
			);
			buildRules = (
			);
			dependencies = (
				F2DEBF0529F07DC000C24FC3 /* PBXTargetDependency */,
			);
			name = BookwormUITests;
			productName = BookwormUITests;
			productReference = F2DEBF0329F07DC000C24FC3 /* BookwormUITests.xctest */;
			productType = "com.apple.product-type.bundle.ui-testing";
		};
/* End PBXNativeTarget section */

/* Begin PBXProject section */
		F2DEBEE129F07DBB00C24FC3 /* Project object */ = {
			isa = PBXProject;
			attributes = {
				BuildIndependentTargetsInParallel = 1;
				LastSwiftUpdateCheck = 1430;
				LastUpgradeCheck = 1430;
				TargetAttributes = {
					F2DEBEE829F07DBB00C24FC3 = {
						CreatedOnToolsVersion = 14.3;
					};
					F2DEBEF829F07DC000C24FC3 = {
						CreatedOnToolsVersion = 14.3;
						TestTargetID = F2DEBEE829F07DBB00C24FC3;
					};
					F2DEBF0229F07DC000C24FC3 = {
						CreatedOnToolsVersion = 14.3;
						TestTargetID = F2DEBEE829F07DBB00C24FC3;
					};
				};
			};
			buildConfigurationList = F2DEBEE429F07DBB00C24FC3 /* Build configuration list for PBXProject "Bookworm" */;
			compatibilityVersion = "Xcode 14.0";
			developmentRegion = en;
			hasScannedForEncodings = 0;
			knownRegions = (
				en,
				Base,
			);
			mainGroup = F2DEBEE029F07DBB00C24FC3;
			productRefGroup = F2DEBEEA29F07DBB00C24FC3 /* Products */;
			projectDirPath = "";
			projectRoot = "";
			targets = (
				F2DEBEE829F07DBB00C24FC3 /* Bookworm */,
				F2DEBEF829F07DC000C24FC3 /* BookwormTests */,
				F2DEBF0229F07DC000C24FC3 /* BookwormUITests */,
			);
		};
/* End PBXProject section */

/* Begin PBXResourcesBuildPhase section */
		F2DEBEE729F07DBB00C24FC3 /* Resources */ = {
			isa = PBXResourcesBuildPhase;
			buildActionMask = 2147483647;
			files = (
				F2DEBEF429F07DC000C24FC3 /* Preview Assets.xcassets in Resources */,
				F2DEBEF129F07DC000C24FC3 /* Assets.xcassets in Resources */,
			);
			runOnlyForDeploymentPostprocessing = 0;
		};
		F2DEBEF729F07DC000C24FC3 /* Resources */ = {
			isa = PBXResourcesBuildPhase;
			buildActionMask = 2147483647;
			files = (
			);
			runOnlyForDeploymentPostprocessing = 0;
		};
		F2DEBF0129F07DC000C24FC3 /* Resources */ = {
			isa = PBXResourcesBuildPhase;
			buildActionMask = 2147483647;
			files = (
			);
			runOnlyForDeploymentPostprocessing = 0;
		};
/* End PBXResourcesBuildPhase section */

/* Begin PBXSourcesBuildPhase section */
		F2DEBEE529F07DBB00C24FC3 /* Sources */ = {
			isa = PBXSourcesBuildPhase;
			buildActionMask = 2147483647;
			files = (
				F298CC4C29F716ED00C49C13 /* BookDetailView.swift in Sources */,
				F2DEBEEF29F07DBB00C24FC3 /* ContentView.swift in Sources */,
				F298CC4829F709BC00C49C13 /* RatingView.swift in Sources */,
				F298CC4A29F7103F00C49C13 /* EmojiRatingView.swift in Sources */,
				F2DEBF1A29F081DE00C24FC3 /* DataController.swift in Sources */,
				F2DEBEED29F07DBB00C24FC3 /* BookwormApp.swift in Sources */,
				F298CC4329F3737600C49C13 /* AddBookView.swift in Sources */,
				F298CC4629F701D600C49C13 /* Bookworm.xcdatamodeld in Sources */,
			);
			runOnlyForDeploymentPostprocessing = 0;
		};
		F2DEBEF529F07DC000C24FC3 /* Sources */ = {
			isa = PBXSourcesBuildPhase;
			buildActionMask = 2147483647;
			files = (
				F2DEBEFE29F07DC000C24FC3 /* BookwormTests.swift in Sources */,
			);
			runOnlyForDeploymentPostprocessing = 0;
		};
		F2DEBEFF29F07DC000C24FC3 /* Sources */ = {
			isa = PBXSourcesBuildPhase;
			buildActionMask = 2147483647;
			files = (
				F2DEBF0A29F07DC000C24FC3 /* BookwormUITestsLaunchTests.swift in Sources */,
				F2DEBF0829F07DC000C24FC3 /* BookwormUITests.swift in Sources */,
			);
			runOnlyForDeploymentPostprocessing = 0;
		};
/* End PBXSourcesBuildPhase section */

/* Begin PBXTargetDependency section */
		F2DEBEFB29F07DC000C24FC3 /* PBXTargetDependency */ = {
			isa = PBXTargetDependency;
			target = F2DEBEE829F07DBB00C24FC3 /* Bookworm */;
			targetProxy = F2DEBEFA29F07DC000C24FC3 /* PBXContainerItemProxy */;
		};
		F2DEBF0529F07DC000C24FC3 /* PBXTargetDependency */ = {
			isa = PBXTargetDependency;
			target = F2DEBEE829F07DBB00C24FC3 /* Bookworm */;
			targetProxy = F2DEBF0429F07DC000C24FC3 /* PBXContainerItemProxy */;
		};
/* End PBXTargetDependency section */

/* Begin XCBuildConfiguration section */
		F2DEBF0B29F07DC000C24FC3 /* Debug */ = {
			isa = XCBuildConfiguration;
			buildSettings = {
				ALWAYS_SEARCH_USER_PATHS = NO;
				CLANG_ANALYZER_NONNULL = YES;
				CLANG_ANALYZER_NUMBER_OBJECT_CONVERSION = YES_AGGRESSIVE;
				CLANG_CXX_LANGUAGE_STANDARD = "gnu++20";
				CLANG_ENABLE_MODULES = YES;
				CLANG_ENABLE_OBJC_ARC = YES;
				CLANG_ENABLE_OBJC_WEAK = YES;
				CLANG_WARN_BLOCK_CAPTURE_AUTORELEASING = YES;
				CLANG_WARN_BOOL_CONVERSION = YES;
				CLANG_WARN_COMMA = YES;
				CLANG_WARN_CONSTANT_CONVERSION = YES;
				CLANG_WARN_DEPRECATED_OBJC_IMPLEMENTATIONS = YES;
				CLANG_WARN_DIRECT_OBJC_ISA_USAGE = YES_ERROR;
				CLANG_WARN_DOCUMENTATION_COMMENTS = YES;
				CLANG_WARN_EMPTY_BODY = YES;
				CLANG_WARN_ENUM_CONVERSION = YES;
				CLANG_WARN_INFINITE_RECURSION = YES;
				CLANG_WARN_INT_CONVERSION = YES;
				CLANG_WARN_NON_LITERAL_NULL_CONVERSION = YES;
				CLANG_WARN_OBJC_IMPLICIT_RETAIN_SELF = YES;
				CLANG_WARN_OBJC_LITERAL_CONVERSION = YES;
				CLANG_WARN_OBJC_ROOT_CLASS = YES_ERROR;
				CLANG_WARN_QUOTED_INCLUDE_IN_FRAMEWORK_HEADER = YES;
				CLANG_WARN_RANGE_LOOP_ANALYSIS = YES;
				CLANG_WARN_STRICT_PROTOTYPES = YES;
				CLANG_WARN_SUSPICIOUS_MOVE = YES;
				CLANG_WARN_UNGUARDED_AVAILABILITY = YES_AGGRESSIVE;
				CLANG_WARN_UNREACHABLE_CODE = YES;
				CLANG_WARN__DUPLICATE_METHOD_MATCH = YES;
				COPY_PHASE_STRIP = NO;
				DEBUG_INFORMATION_FORMAT = dwarf;
				ENABLE_STRICT_OBJC_MSGSEND = YES;
				ENABLE_TESTABILITY = YES;
				GCC_C_LANGUAGE_STANDARD = gnu11;
				GCC_DYNAMIC_NO_PIC = NO;
				GCC_NO_COMMON_BLOCKS = YES;
				GCC_OPTIMIZATION_LEVEL = 0;
				GCC_PREPROCESSOR_DEFINITIONS = (
					"DEBUG=1",
					"$(inherited)",
				);
				GCC_WARN_64_TO_32_BIT_CONVERSION = YES;
				GCC_WARN_ABOUT_RETURN_TYPE = YES_ERROR;
				GCC_WARN_UNDECLARED_SELECTOR = YES;
				GCC_WARN_UNINITIALIZED_AUTOS = YES_AGGRESSIVE;
				GCC_WARN_UNUSED_FUNCTION = YES;
				GCC_WARN_UNUSED_VARIABLE = YES;
				IPHONEOS_DEPLOYMENT_TARGET = 16.4;
				MTL_ENABLE_DEBUG_INFO = INCLUDE_SOURCE;
				MTL_FAST_MATH = YES;
				ONLY_ACTIVE_ARCH = YES;
				SDKROOT = iphoneos;
				SWIFT_ACTIVE_COMPILATION_CONDITIONS = DEBUG;
				SWIFT_OPTIMIZATION_LEVEL = "-Onone";
			};
			name = Debug;
		};
		F2DEBF0C29F07DC000C24FC3 /* Release */ = {
			isa = XCBuildConfiguration;
			buildSettings = {
				ALWAYS_SEARCH_USER_PATHS = NO;
				CLANG_ANALYZER_NONNULL = YES;
				CLANG_ANALYZER_NUMBER_OBJECT_CONVERSION = YES_AGGRESSIVE;
				CLANG_CXX_LANGUAGE_STANDARD = "gnu++20";
				CLANG_ENABLE_MODULES = YES;
				CLANG_ENABLE_OBJC_ARC = YES;
				CLANG_ENABLE_OBJC_WEAK = YES;
				CLANG_WARN_BLOCK_CAPTURE_AUTORELEASING = YES;
				CLANG_WARN_BOOL_CONVERSION = YES;
				CLANG_WARN_COMMA = YES;
				CLANG_WARN_CONSTANT_CONVERSION = YES;
				CLANG_WARN_DEPRECATED_OBJC_IMPLEMENTATIONS = YES;
				CLANG_WARN_DIRECT_OBJC_ISA_USAGE = YES_ERROR;
				CLANG_WARN_DOCUMENTATION_COMMENTS = YES;
				CLANG_WARN_EMPTY_BODY = YES;
				CLANG_WARN_ENUM_CONVERSION = YES;
				CLANG_WARN_INFINITE_RECURSION = YES;
				CLANG_WARN_INT_CONVERSION = YES;
				CLANG_WARN_NON_LITERAL_NULL_CONVERSION = YES;
				CLANG_WARN_OBJC_IMPLICIT_RETAIN_SELF = YES;
				CLANG_WARN_OBJC_LITERAL_CONVERSION = YES;
				CLANG_WARN_OBJC_ROOT_CLASS = YES_ERROR;
				CLANG_WARN_QUOTED_INCLUDE_IN_FRAMEWORK_HEADER = YES;
				CLANG_WARN_RANGE_LOOP_ANALYSIS = YES;
				CLANG_WARN_STRICT_PROTOTYPES = YES;
				CLANG_WARN_SUSPICIOUS_MOVE = YES;
				CLANG_WARN_UNGUARDED_AVAILABILITY = YES_AGGRESSIVE;
				CLANG_WARN_UNREACHABLE_CODE = YES;
				CLANG_WARN__DUPLICATE_METHOD_MATCH = YES;
				COPY_PHASE_STRIP = NO;
				DEBUG_INFORMATION_FORMAT = "dwarf-with-dsym";
				ENABLE_NS_ASSERTIONS = NO;
				ENABLE_STRICT_OBJC_MSGSEND = YES;
				GCC_C_LANGUAGE_STANDARD = gnu11;
				GCC_NO_COMMON_BLOCKS = YES;
				GCC_WARN_64_TO_32_BIT_CONVERSION = YES;
				GCC_WARN_ABOUT_RETURN_TYPE = YES_ERROR;
				GCC_WARN_UNDECLARED_SELECTOR = YES;
				GCC_WARN_UNINITIALIZED_AUTOS = YES_AGGRESSIVE;
				GCC_WARN_UNUSED_FUNCTION = YES;
				GCC_WARN_UNUSED_VARIABLE = YES;
				IPHONEOS_DEPLOYMENT_TARGET = 16.4;
				MTL_ENABLE_DEBUG_INFO = NO;
				MTL_FAST_MATH = YES;
				SDKROOT = iphoneos;
				SWIFT_COMPILATION_MODE = wholemodule;
				SWIFT_OPTIMIZATION_LEVEL = "-O";
				VALIDATE_PRODUCT = YES;
			};
			name = Release;
		};
		F2DEBF0E29F07DC000C24FC3 /* Debug */ = {
			isa = XCBuildConfiguration;
			buildSettings = {
				ASSETCATALOG_COMPILER_APPICON_NAME = AppIcon;
				ASSETCATALOG_COMPILER_GLOBAL_ACCENT_COLOR_NAME = AccentColor;
				CODE_SIGN_STYLE = Automatic;
				CURRENT_PROJECT_VERSION = 1;
				DEVELOPMENT_ASSET_PATHS = "\"Bookworm/Preview Content\"";
				DEVELOPMENT_TEAM = 7H476JAQ2Y;
				ENABLE_PREVIEWS = YES;
				GENERATE_INFOPLIST_FILE = YES;
				INFOPLIST_KEY_UIApplicationSceneManifest_Generation = YES;
				INFOPLIST_KEY_UIApplicationSupportsIndirectInputEvents = YES;
				INFOPLIST_KEY_UILaunchScreen_Generation = YES;
				INFOPLIST_KEY_UISupportedInterfaceOrientations_iPad = "UIInterfaceOrientationPortrait UIInterfaceOrientationPortraitUpsideDown UIInterfaceOrientationLandscapeLeft UIInterfaceOrientationLandscapeRight";
				INFOPLIST_KEY_UISupportedInterfaceOrientations_iPhone = "UIInterfaceOrientationPortrait UIInterfaceOrientationLandscapeLeft UIInterfaceOrientationLandscapeRight";
				LD_RUNPATH_SEARCH_PATHS = (
					"$(inherited)",
					"@executable_path/Frameworks",
				);
				MARKETING_VERSION = 1.0;
				PRODUCT_BUNDLE_IDENTIFIER = "Nana-Bonsu.Bookworm";
				PRODUCT_NAME = "$(TARGET_NAME)";
				SWIFT_EMIT_LOC_STRINGS = YES;
				SWIFT_VERSION = 5.0;
				TARGETED_DEVICE_FAMILY = "1,2";
			};
			name = Debug;
		};
		F2DEBF0F29F07DC000C24FC3 /* Release */ = {
			isa = XCBuildConfiguration;
			buildSettings = {
				ASSETCATALOG_COMPILER_APPICON_NAME = AppIcon;
				ASSETCATALOG_COMPILER_GLOBAL_ACCENT_COLOR_NAME = AccentColor;
				CODE_SIGN_STYLE = Automatic;
				CURRENT_PROJECT_VERSION = 1;
				DEVELOPMENT_ASSET_PATHS = "\"Bookworm/Preview Content\"";
				DEVELOPMENT_TEAM = 7H476JAQ2Y;
				ENABLE_PREVIEWS = YES;
				GENERATE_INFOPLIST_FILE = YES;
				INFOPLIST_KEY_UIApplicationSceneManifest_Generation = YES;
				INFOPLIST_KEY_UIApplicationSupportsIndirectInputEvents = YES;
				INFOPLIST_KEY_UILaunchScreen_Generation = YES;
				INFOPLIST_KEY_UISupportedInterfaceOrientations_iPad = "UIInterfaceOrientationPortrait UIInterfaceOrientationPortraitUpsideDown UIInterfaceOrientationLandscapeLeft UIInterfaceOrientationLandscapeRight";
				INFOPLIST_KEY_UISupportedInterfaceOrientations_iPhone = "UIInterfaceOrientationPortrait UIInterfaceOrientationLandscapeLeft UIInterfaceOrientationLandscapeRight";
				LD_RUNPATH_SEARCH_PATHS = (
					"$(inherited)",
					"@executable_path/Frameworks",
				);
				MARKETING_VERSION = 1.0;
				PRODUCT_BUNDLE_IDENTIFIER = "Nana-Bonsu.Bookworm";
				PRODUCT_NAME = "$(TARGET_NAME)";
				SWIFT_EMIT_LOC_STRINGS = YES;
				SWIFT_VERSION = 5.0;
				TARGETED_DEVICE_FAMILY = "1,2";
			};
			name = Release;
		};
		F2DEBF1129F07DC000C24FC3 /* Debug */ = {
			isa = XCBuildConfiguration;
			buildSettings = {
				ALWAYS_EMBED_SWIFT_STANDARD_LIBRARIES = YES;
				BUNDLE_LOADER = "$(TEST_HOST)";
				CODE_SIGN_STYLE = Automatic;
				CURRENT_PROJECT_VERSION = 1;
				DEVELOPMENT_TEAM = 7H476JAQ2Y;
				GENERATE_INFOPLIST_FILE = YES;
				IPHONEOS_DEPLOYMENT_TARGET = 16.4;
				MARKETING_VERSION = 1.0;
				PRODUCT_BUNDLE_IDENTIFIER = "Nana-Bonsu.BookwormTests";
				PRODUCT_NAME = "$(TARGET_NAME)";
				SWIFT_EMIT_LOC_STRINGS = NO;
				SWIFT_VERSION = 5.0;
				TARGETED_DEVICE_FAMILY = "1,2";
				TEST_HOST = "$(BUILT_PRODUCTS_DIR)/Bookworm.app/$(BUNDLE_EXECUTABLE_FOLDER_PATH)/Bookworm";
			};
			name = Debug;
		};
		F2DEBF1229F07DC000C24FC3 /* Release */ = {
			isa = XCBuildConfiguration;
			buildSettings = {
				ALWAYS_EMBED_SWIFT_STANDARD_LIBRARIES = YES;
				BUNDLE_LOADER = "$(TEST_HOST)";
				CODE_SIGN_STYLE = Automatic;
				CURRENT_PROJECT_VERSION = 1;
				DEVELOPMENT_TEAM = 7H476JAQ2Y;
				GENERATE_INFOPLIST_FILE = YES;
				IPHONEOS_DEPLOYMENT_TARGET = 16.4;
				MARKETING_VERSION = 1.0;
				PRODUCT_BUNDLE_IDENTIFIER = "Nana-Bonsu.BookwormTests";
				PRODUCT_NAME = "$(TARGET_NAME)";
				SWIFT_EMIT_LOC_STRINGS = NO;
				SWIFT_VERSION = 5.0;
				TARGETED_DEVICE_FAMILY = "1,2";
				TEST_HOST = "$(BUILT_PRODUCTS_DIR)/Bookworm.app/$(BUNDLE_EXECUTABLE_FOLDER_PATH)/Bookworm";
			};
			name = Release;
		};
		F2DEBF1429F07DC000C24FC3 /* Debug */ = {
			isa = XCBuildConfiguration;
			buildSettings = {
				ALWAYS_EMBED_SWIFT_STANDARD_LIBRARIES = YES;
				CODE_SIGN_STYLE = Automatic;
				CURRENT_PROJECT_VERSION = 1;
				DEVELOPMENT_TEAM = 7H476JAQ2Y;
				GENERATE_INFOPLIST_FILE = YES;
				MARKETING_VERSION = 1.0;
				PRODUCT_BUNDLE_IDENTIFIER = "Nana-Bonsu.BookwormUITests";
				PRODUCT_NAME = "$(TARGET_NAME)";
				SWIFT_EMIT_LOC_STRINGS = NO;
				SWIFT_VERSION = 5.0;
				TARGETED_DEVICE_FAMILY = "1,2";
				TEST_TARGET_NAME = Bookworm;
			};
			name = Debug;
		};
		F2DEBF1529F07DC000C24FC3 /* Release */ = {
			isa = XCBuildConfiguration;
			buildSettings = {
				ALWAYS_EMBED_SWIFT_STANDARD_LIBRARIES = YES;
				CODE_SIGN_STYLE = Automatic;
				CURRENT_PROJECT_VERSION = 1;
				DEVELOPMENT_TEAM = 7H476JAQ2Y;
				GENERATE_INFOPLIST_FILE = YES;
				MARKETING_VERSION = 1.0;
				PRODUCT_BUNDLE_IDENTIFIER = "Nana-Bonsu.BookwormUITests";
				PRODUCT_NAME = "$(TARGET_NAME)";
				SWIFT_EMIT_LOC_STRINGS = NO;
				SWIFT_VERSION = 5.0;
				TARGETED_DEVICE_FAMILY = "1,2";
				TEST_TARGET_NAME = Bookworm;
			};
			name = Release;
		};
/* End XCBuildConfiguration section */

/* Begin XCConfigurationList section */
		F2DEBEE429F07DBB00C24FC3 /* Build configuration list for PBXProject "Bookworm" */ = {
			isa = XCConfigurationList;
			buildConfigurations = (
				F2DEBF0B29F07DC000C24FC3 /* Debug */,
				F2DEBF0C29F07DC000C24FC3 /* Release */,
			);
			defaultConfigurationIsVisible = 0;
			defaultConfigurationName = Release;
		};
		F2DEBF0D29F07DC000C24FC3 /* Build configuration list for PBXNativeTarget "Bookworm" */ = {
			isa = XCConfigurationList;
			buildConfigurations = (
				F2DEBF0E29F07DC000C24FC3 /* Debug */,
				F2DEBF0F29F07DC000C24FC3 /* Release */,
			);
			defaultConfigurationIsVisible = 0;
			defaultConfigurationName = Release;
		};
		F2DEBF1029F07DC000C24FC3 /* Build configuration list for PBXNativeTarget "BookwormTests" */ = {
			isa = XCConfigurationList;
			buildConfigurations = (
				F2DEBF1129F07DC000C24FC3 /* Debug */,
				F2DEBF1229F07DC000C24FC3 /* Release */,
			);
			defaultConfigurationIsVisible = 0;
			defaultConfigurationName = Release;
		};
		F2DEBF1329F07DC000C24FC3 /* Build configuration list for PBXNativeTarget "BookwormUITests" */ = {
			isa = XCConfigurationList;
			buildConfigurations = (
				F2DEBF1429F07DC000C24FC3 /* Debug */,
				F2DEBF1529F07DC000C24FC3 /* Release */,
			);
			defaultConfigurationIsVisible = 0;
			defaultConfigurationName = Release;
		};
/* End XCConfigurationList section */

/* Begin XCVersionGroup section */
		F298CC4429F701D600C49C13 /* Bookworm.xcdatamodeld */ = {
			isa = XCVersionGroup;
			children = (
				F298CC4529F701D600C49C13 /* Bookworm.xcdatamodel */,
			);
			currentVersion = F298CC4529F701D600C49C13 /* Bookworm.xcdatamodel */;
			path = Bookworm.xcdatamodeld;
			sourceTree = "<group>";
			versionGroupType = wrapper.xcdatamodel;
		};
/* End XCVersionGroup section */
	};
	rootObject = F2DEBEE129F07DBB00C24FC3 /* Project object */;
}
